# This file is automatically @generated by Cargo.
# It is not intended for manual editing.
version = 3

[[package]]
name = "latex2mathml"
version = "0.2.3"
source = "registry+https://github.com/rust-lang/crates.io-index"
checksum = "678cf5bdb3ba63a264e6e0c9eee36538ca1d2da0afa4dd801c1f96309e710765"

[[package]]
name = "preprocess_latex"
version = "0.1.0"
dependencies = [
 "latex2mathml",
]
